// !$*UTF8*$!
{
	archiveVersion = 1;
	classes = {
	};
	objectVersion = 48;
	objects = {

/* Begin PBXBuildFile section */
		09DFAB311F9A325D00E1A807 /* AppDelegate.swift in Sources */ = {isa = PBXBuildFile; fileRef = 09DFAB301F9A325D00E1A807 /* AppDelegate.swift */; };
		09DFAB331F9A325D00E1A807 /* ViewController.swift in Sources */ = {isa = PBXBuildFile; fileRef = 09DFAB321F9A325D00E1A807 /* ViewController.swift */; };
		09DFAB361F9A325D00E1A807 /* Main.storyboard in Resources */ = {isa = PBXBuildFile; fileRef = 09DFAB341F9A325D00E1A807 /* Main.storyboard */; };
		09DFAB381F9A325D00E1A807 /* Assets.xcassets in Resources */ = {isa = PBXBuildFile; fileRef = 09DFAB371F9A325D00E1A807 /* Assets.xcassets */; };
		09DFAB3B1F9A325D00E1A807 /* LaunchScreen.storyboard in Resources */ = {isa = PBXBuildFile; fileRef = 09DFAB391F9A325D00E1A807 /* LaunchScreen.storyboard */; };
		09DFAB461F9A325D00E1A807 /* AwquaintTests.swift in Sources */ = {isa = PBXBuildFile; fileRef = 09DFAB451F9A325D00E1A807 /* AwquaintTests.swift */; };
		09DFAB511F9A325D00E1A807 /* AwquaintUITests.swift in Sources */ = {isa = PBXBuildFile; fileRef = 09DFAB501F9A325D00E1A807 /* AwquaintUITests.swift */; };
/* End PBXBuildFile section */

/* Begin PBXContainerItemProxy section */
		09DFAB421F9A325D00E1A807 /* PBXContainerItemProxy */ = {
			isa = PBXContainerItemProxy;
			containerPortal = 09DFAB251F9A325C00E1A807 /* Project object */;
			proxyType = 1;
			remoteGlobalIDString = 09DFAB2C1F9A325D00E1A807;
			remoteInfo = Awquaint;
		};
		09DFAB4D1F9A325D00E1A807 /* PBXContainerItemProxy */ = {
			isa = PBXContainerItemProxy;
			containerPortal = 09DFAB251F9A325C00E1A807 /* Project object */;
			proxyType = 1;
			remoteGlobalIDString = 09DFAB2C1F9A325D00E1A807;
			remoteInfo = Awquaint;
		};
/* End PBXContainerItemProxy section */

/* Begin PBXFileReference section */
		09DFAB2D1F9A325D00E1A807 /* Awquaint.app */ = {isa = PBXFileReference; explicitFileType = wrapper.application; includeInIndex = 0; path = Awquaint.app; sourceTree = BUILT_PRODUCTS_DIR; };
		09DFAB301F9A325D00E1A807 /* AppDelegate.swift */ = {isa = PBXFileReference; lastKnownFileType = sourcecode.swift; path = AppDelegate.swift; sourceTree = "<group>"; };
		09DFAB321F9A325D00E1A807 /* ViewController.swift */ = {isa = PBXFileReference; lastKnownFileType = sourcecode.swift; path = ViewController.swift; sourceTree = "<group>"; };
		09DFAB351F9A325D00E1A807 /* Base */ = {isa = PBXFileReference; lastKnownFileType = file.storyboard; name = Base; path = Base.lproj/Main.storyboard; sourceTree = "<group>"; };
		09DFAB371F9A325D00E1A807 /* Assets.xcassets */ = {isa = PBXFileReference; lastKnownFileType = folder.assetcatalog; path = Assets.xcassets; sourceTree = "<group>"; };
		09DFAB3A1F9A325D00E1A807 /* Base */ = {isa = PBXFileReference; lastKnownFileType = file.storyboard; name = Base; path = Base.lproj/LaunchScreen.storyboard; sourceTree = "<group>"; };
		09DFAB3C1F9A325D00E1A807 /* Info.plist */ = {isa = PBXFileReference; lastKnownFileType = text.plist.xml; path = Info.plist; sourceTree = "<group>"; };
		09DFAB411F9A325D00E1A807 /* AwquaintTests.xctest */ = {isa = PBXFileReference; explicitFileType = wrapper.cfbundle; includeInIndex = 0; path = AwquaintTests.xctest; sourceTree = BUILT_PRODUCTS_DIR; };
		09DFAB451F9A325D00E1A807 /* AwquaintTests.swift */ = {isa = PBXFileReference; lastKnownFileType = sourcecode.swift; path = AwquaintTests.swift; sourceTree = "<group>"; };
		09DFAB471F9A325D00E1A807 /* Info.plist */ = {isa = PBXFileReference; lastKnownFileType = text.plist.xml; path = Info.plist; sourceTree = "<group>"; };
		09DFAB4C1F9A325D00E1A807 /* AwquaintUITests.xctest */ = {isa = PBXFileReference; explicitFileType = wrapper.cfbundle; includeInIndex = 0; path = AwquaintUITests.xctest; sourceTree = BUILT_PRODUCTS_DIR; };
		09DFAB501F9A325D00E1A807 /* AwquaintUITests.swift */ = {isa = PBXFileReference; lastKnownFileType = sourcecode.swift; path = AwquaintUITests.swift; sourceTree = "<group>"; };
		09DFAB521F9A325D00E1A807 /* Info.plist */ = {isa = PBXFileReference; lastKnownFileType = text.plist.xml; path = Info.plist; sourceTree = "<group>"; };
/* End PBXFileReference section */

/* Begin PBXFrameworksBuildPhase section */
		09DFAB2A1F9A325D00E1A807 /* Frameworks */ = {
			isa = PBXFrameworksBuildPhase;
			buildActionMask = 2147483647;
			files = (
			);
			runOnlyForDeploymentPostprocessing = 0;
		};
		09DFAB3E1F9A325D00E1A807 /* Frameworks */ = {
			isa = PBXFrameworksBuildPhase;
			buildActionMask = 2147483647;
			files = (
			);
			runOnlyForDeploymentPostprocessing = 0;
		};
		09DFAB491F9A325D00E1A807 /* Frameworks */ = {
			isa = PBXFrameworksBuildPhase;
			buildActionMask = 2147483647;
			files = (
			);
			runOnlyForDeploymentPostprocessing = 0;
		};
/* End PBXFrameworksBuildPhase section */

/* Begin PBXGroup section */
		09DFAB241F9A325C00E1A807 = {
			isa = PBXGroup;
			children = (
				09DFAB2F1F9A325D00E1A807 /* Awquaint */,
				09DFAB441F9A325D00E1A807 /* AwquaintTests */,
				09DFAB4F1F9A325D00E1A807 /* AwquaintUITests */,
				09DFAB2E1F9A325D00E1A807 /* Products */,
			);
			sourceTree = "<group>";
		};
		09DFAB2E1F9A325D00E1A807 /* Products */ = {
			isa = PBXGroup;
			children = (
				09DFAB2D1F9A325D00E1A807 /* Awquaint.app */,
				09DFAB411F9A325D00E1A807 /* AwquaintTests.xctest */,
				09DFAB4C1F9A325D00E1A807 /* AwquaintUITests.xctest */,
			);
			name = Products;
			sourceTree = "<group>";
		};
		09DFAB2F1F9A325D00E1A807 /* Awquaint */ = {
			isa = PBXGroup;
			children = (
				09DFAB301F9A325D00E1A807 /* AppDelegate.swift */,
				09DFAB321F9A325D00E1A807 /* ViewController.swift */,
				09DFAB341F9A325D00E1A807 /* Main.storyboard */,
				09DFAB371F9A325D00E1A807 /* Assets.xcassets */,
				09DFAB391F9A325D00E1A807 /* LaunchScreen.storyboard */,
				09DFAB3C1F9A325D00E1A807 /* Info.plist */,
			);
			path = Awquaint;
			sourceTree = "<group>";
		};
		09DFAB441F9A325D00E1A807 /* AwquaintTests */ = {
			isa = PBXGroup;
			children = (
				09DFAB451F9A325D00E1A807 /* AwquaintTests.swift */,
				09DFAB471F9A325D00E1A807 /* Info.plist */,
			);
			path = AwquaintTests;
			sourceTree = "<group>";
		};
		09DFAB4F1F9A325D00E1A807 /* AwquaintUITests */ = {
			isa = PBXGroup;
			children = (
				09DFAB501F9A325D00E1A807 /* AwquaintUITests.swift */,
				09DFAB521F9A325D00E1A807 /* Info.plist */,
			);
			path = AwquaintUITests;
			sourceTree = "<group>";
		};
/* End PBXGroup section */

/* Begin PBXNativeTarget section */
		09DFAB2C1F9A325D00E1A807 /* Awquaint */ = {
			isa = PBXNativeTarget;
			buildConfigurationList = 09DFAB551F9A325D00E1A807 /* Build configuration list for PBXNativeTarget "Awquaint" */;
			buildPhases = (
				09DFAB291F9A325D00E1A807 /* Sources */,
				09DFAB2A1F9A325D00E1A807 /* Frameworks */,
				09DFAB2B1F9A325D00E1A807 /* Resources */,
			);
			buildRules = (
			);
			dependencies = (
			);
			name = Awquaint;
			productName = Awquaint;
			productReference = 09DFAB2D1F9A325D00E1A807 /* Awquaint.app */;
			productType = "com.apple.product-type.application";
		};
		09DFAB401F9A325D00E1A807 /* AwquaintTests */ = {
			isa = PBXNativeTarget;
			buildConfigurationList = 09DFAB581F9A325D00E1A807 /* Build configuration list for PBXNativeTarget "AwquaintTests" */;
			buildPhases = (
				09DFAB3D1F9A325D00E1A807 /* Sources */,
				09DFAB3E1F9A325D00E1A807 /* Frameworks */,
				09DFAB3F1F9A325D00E1A807 /* Resources */,
			);
			buildRules = (
			);
			dependencies = (
				09DFAB431F9A325D00E1A807 /* PBXTargetDependency */,
			);
			name = AwquaintTests;
			productName = AwquaintTests;
			productReference = 09DFAB411F9A325D00E1A807 /* AwquaintTests.xctest */;
			productType = "com.apple.product-type.bundle.unit-test";
		};
		09DFAB4B1F9A325D00E1A807 /* AwquaintUITests */ = {
			isa = PBXNativeTarget;
			buildConfigurationList = 09DFAB5B1F9A325D00E1A807 /* Build configuration list for PBXNativeTarget "AwquaintUITests" */;
			buildPhases = (
				09DFAB481F9A325D00E1A807 /* Sources */,
				09DFAB491F9A325D00E1A807 /* Frameworks */,
				09DFAB4A1F9A325D00E1A807 /* Resources */,
			);
			buildRules = (
			);
			dependencies = (
				09DFAB4E1F9A325D00E1A807 /* PBXTargetDependency */,
			);
			name = AwquaintUITests;
			productName = AwquaintUITests;
			productReference = 09DFAB4C1F9A325D00E1A807 /* AwquaintUITests.xctest */;
			productType = "com.apple.product-type.bundle.ui-testing";
		};
/* End PBXNativeTarget section */

/* Begin PBXProject section */
		09DFAB251F9A325C00E1A807 /* Project object */ = {
			isa = PBXProject;
			attributes = {
				LastSwiftUpdateCheck = 0900;
				LastUpgradeCheck = 0900;
				ORGANIZATIONNAME = Apprentice;
				TargetAttributes = {
					09DFAB2C1F9A325D00E1A807 = {
						CreatedOnToolsVersion = 9.0.1;
						ProvisioningStyle = Automatic;
					};
					09DFAB401F9A325D00E1A807 = {
						CreatedOnToolsVersion = 9.0.1;
						ProvisioningStyle = Automatic;
						TestTargetID = 09DFAB2C1F9A325D00E1A807;
					};
					09DFAB4B1F9A325D00E1A807 = {
						CreatedOnToolsVersion = 9.0.1;
						ProvisioningStyle = Automatic;
						TestTargetID = 09DFAB2C1F9A325D00E1A807;
					};
				};
			};
			buildConfigurationList = 09DFAB281F9A325C00E1A807 /* Build configuration list for PBXProject "Awquaint" */;
			compatibilityVersion = "Xcode 8.0";
			developmentRegion = en;
			hasScannedForEncodings = 0;
			knownRegions = (
				en,
				Base,
			);
			mainGroup = 09DFAB241F9A325C00E1A807;
			productRefGroup = 09DFAB2E1F9A325D00E1A807 /* Products */;
			projectDirPath = "";
			projectRoot = "";
			targets = (
				09DFAB2C1F9A325D00E1A807 /* Awquaint */,
				09DFAB401F9A325D00E1A807 /* AwquaintTests */,
				09DFAB4B1F9A325D00E1A807 /* AwquaintUITests */,
			);
		};
/* End PBXProject section */

/* Begin PBXResourcesBuildPhase section */
		09DFAB2B1F9A325D00E1A807 /* Resources */ = {
			isa = PBXResourcesBuildPhase;
			buildActionMask = 2147483647;
			files = (
				09DFAB3B1F9A325D00E1A807 /* LaunchScreen.storyboard in Resources */,
				09DFAB381F9A325D00E1A807 /* Assets.xcassets in Resources */,
				09DFAB361F9A325D00E1A807 /* Main.storyboard in Resources */,
			);
			runOnlyForDeploymentPostprocessing = 0;
		};
		09DFAB3F1F9A325D00E1A807 /* Resources */ = {
			isa = PBXResourcesBuildPhase;
			buildActionMask = 2147483647;
			files = (
			);
			runOnlyForDeploymentPostprocessing = 0;
		};
		09DFAB4A1F9A325D00E1A807 /* Resources */ = {
			isa = PBXResourcesBuildPhase;
			buildActionMask = 2147483647;
			files = (
			);
			runOnlyForDeploymentPostprocessing = 0;
		};
/* End PBXResourcesBuildPhase section */

/* Begin PBXSourcesBuildPhase section */
		09DFAB291F9A325D00E1A807 /* Sources */ = {
			isa = PBXSourcesBuildPhase;
			buildActionMask = 2147483647;
			files = (
				09DFAB331F9A325D00E1A807 /* ViewController.swift in Sources */,
				09DFAB311F9A325D00E1A807 /* AppDelegate.swift in Sources */,
			);
			runOnlyForDeploymentPostprocessing = 0;
		};
		09DFAB3D1F9A325D00E1A807 /* Sources */ = {
			isa = PBXSourcesBuildPhase;
			buildActionMask = 2147483647;
			files = (
				09DFAB461F9A325D00E1A807 /* AwquaintTests.swift in Sources */,
			);
			runOnlyForDeploymentPostprocessing = 0;
		};
		09DFAB481F9A325D00E1A807 /* Sources */ = {
			isa = PBXSourcesBuildPhase;
			buildActionMask = 2147483647;
			files = (
				09DFAB511F9A325D00E1A807 /* AwquaintUITests.swift in Sources */,
			);
			runOnlyForDeploymentPostprocessing = 0;
		};
/* End PBXSourcesBuildPhase section */

/* Begin PBXTargetDependency section */
		09DFAB431F9A325D00E1A807 /* PBXTargetDependency */ = {
			isa = PBXTargetDependency;
			target = 09DFAB2C1F9A325D00E1A807 /* Awquaint */;
			targetProxy = 09DFAB421F9A325D00E1A807 /* PBXContainerItemProxy */;
		};
		09DFAB4E1F9A325D00E1A807 /* PBXTargetDependency */ = {
			isa = PBXTargetDependency;
			target = 09DFAB2C1F9A325D00E1A807 /* Awquaint */;
			targetProxy = 09DFAB4D1F9A325D00E1A807 /* PBXContainerItemProxy */;
		};
/* End PBXTargetDependency section */

/* Begin PBXVariantGroup section */
		09DFAB341F9A325D00E1A807 /* Main.storyboard */ = {
			isa = PBXVariantGroup;
			children = (
				09DFAB351F9A325D00E1A807 /* Base */,
			);
			name = Main.storyboard;
			sourceTree = "<group>";
		};
		09DFAB391F9A325D00E1A807 /* LaunchScreen.storyboard */ = {
			isa = PBXVariantGroup;
			children = (
				09DFAB3A1F9A325D00E1A807 /* Base */,
			);
			name = LaunchScreen.storyboard;
			sourceTree = "<group>";
		};
/* End PBXVariantGroup section */

/* Begin XCBuildConfiguration section */
		09DFAB531F9A325D00E1A807 /* Debug */ = {
			isa = XCBuildConfiguration;
			buildSettings = {
				ALWAYS_SEARCH_USER_PATHS = NO;
				CLANG_ANALYZER_NONNULL = YES;
				CLANG_ANALYZER_NUMBER_OBJECT_CONVERSION = YES_AGGRESSIVE;
				CLANG_CXX_LANGUAGE_STANDARD = "gnu++14";
				CLANG_CXX_LIBRARY = "libc++";
				CLANG_ENABLE_MODULES = YES;
				CLANG_ENABLE_OBJC_ARC = YES;
				CLANG_WARN_BLOCK_CAPTURE_AUTORELEASING = YES;
				CLANG_WARN_BOOL_CONVERSION = YES;
				CLANG_WARN_COMMA = YES;
				CLANG_WARN_CONSTANT_CONVERSION = YES;
				CLANG_WARN_DIRECT_OBJC_ISA_USAGE = YES_ERROR;
				CLANG_WARN_DOCUMENTATION_COMMENTS = YES;
				CLANG_WARN_EMPTY_BODY = YES;
				CLANG_WARN_ENUM_CONVERSION = YES;
				CLANG_WARN_INFINITE_RECURSION = YES;
				CLANG_WARN_INT_CONVERSION = YES;
				CLANG_WARN_NON_LITERAL_NULL_CONVERSION = YES;
				CLANG_WARN_OBJC_LITERAL_CONVERSION = YES;
				CLANG_WARN_OBJC_ROOT_CLASS = YES_ERROR;
				CLANG_WARN_RANGE_LOOP_ANALYSIS = YES;
				CLANG_WARN_STRICT_PROTOTYPES = YES;
				CLANG_WARN_SUSPICIOUS_MOVE = YES;
				CLANG_WARN_UNGUARDED_AVAILABILITY = YES_AGGRESSIVE;
				CLANG_WARN_UNREACHABLE_CODE = YES;
				CLANG_WARN__DUPLICATE_METHOD_MATCH = YES;
				CODE_SIGN_IDENTITY = "iPhone Developer";
				COPY_PHASE_STRIP = NO;
				DEBUG_INFORMATION_FORMAT = dwarf;
				ENABLE_STRICT_OBJC_MSGSEND = YES;
				ENABLE_TESTABILITY = YES;
				GCC_C_LANGUAGE_STANDARD = gnu11;
				GCC_DYNAMIC_NO_PIC = NO;
				GCC_NO_COMMON_BLOCKS = YES;
				GCC_OPTIMIZATION_LEVEL = 0;
				GCC_PREPROCESSOR_DEFINITIONS = (
					"DEBUG=1",
					"$(inherited)",
				);
				GCC_WARN_64_TO_32_BIT_CONVERSION = YES;
				GCC_WARN_ABOUT_RETURN_TYPE = YES_ERROR;
				GCC_WARN_UNDECLARED_SELECTOR = YES;
				GCC_WARN_UNINITIALIZED_AUTOS = YES_AGGRESSIVE;
				GCC_WARN_UNUSED_FUNCTION = YES;
				GCC_WARN_UNUSED_VARIABLE = YES;
				IPHONEOS_DEPLOYMENT_TARGET = 11.0;
				MTL_ENABLE_DEBUG_INFO = YES;
				ONLY_ACTIVE_ARCH = YES;
				SDKROOT = iphoneos;
				SWIFT_ACTIVE_COMPILATION_CONDITIONS = DEBUG;
				SWIFT_OPTIMIZATION_LEVEL = "-Onone";
			};
			name = Debug;
		};
		09DFAB541F9A325D00E1A807 /* Release */ = {
			isa = XCBuildConfiguration;
			buildSettings = {
				ALWAYS_SEARCH_USER_PATHS = NO;
				CLANG_ANALYZER_NONNULL = YES;
				CLANG_ANALYZER_NUMBER_OBJECT_CONVERSION = YES_AGGRESSIVE;
				CLANG_CXX_LANGUAGE_STANDARD = "gnu++14";
				CLANG_CXX_LIBRARY = "libc++";
				CLANG_ENABLE_MODULES = YES;
				CLANG_ENABLE_OBJC_ARC = YES;
				CLANG_WARN_BLOCK_CAPTURE_AUTORELEASING = YES;
				CLANG_WARN_BOOL_CONVERSION = YES;
				CLANG_WARN_COMMA = YES;
				CLANG_WARN_CONSTANT_CONVERSION = YES;
				CLANG_WARN_DIRECT_OBJC_ISA_USAGE = YES_ERROR;
				CLANG_WARN_DOCUMENTATION_COMMENTS = YES;
				CLANG_WARN_EMPTY_BODY = YES;
				CLANG_WARN_ENUM_CONVERSION = YES;
				CLANG_WARN_INFINITE_RECURSION = YES;
				CLANG_WARN_INT_CONVERSION = YES;
				CLANG_WARN_NON_LITERAL_NULL_CONVERSION = YES;
				CLANG_WARN_OBJC_LITERAL_CONVERSION = YES;
				CLANG_WARN_OBJC_ROOT_CLASS = YES_ERROR;
				CLANG_WARN_RANGE_LOOP_ANALYSIS = YES;
				CLANG_WARN_STRICT_PROTOTYPES = YES;
				CLANG_WARN_SUSPICIOUS_MOVE = YES;
				CLANG_WARN_UNGUARDED_AVAILABILITY = YES_AGGRESSIVE;
				CLANG_WARN_UNREACHABLE_CODE = YES;
				CLANG_WARN__DUPLICATE_METHOD_MATCH = YES;
				CODE_SIGN_IDENTITY = "iPhone Developer";
				COPY_PHASE_STRIP = NO;
				DEBUG_INFORMATION_FORMAT = "dwarf-with-dsym";
				ENABLE_NS_ASSERTIONS = NO;
				ENABLE_STRICT_OBJC_MSGSEND = YES;
				GCC_C_LANGUAGE_STANDARD = gnu11;
				GCC_NO_COMMON_BLOCKS = YES;
				GCC_WARN_64_TO_32_BIT_CONVERSION = YES;
				GCC_WARN_ABOUT_RETURN_TYPE = YES_ERROR;
				GCC_WARN_UNDECLARED_SELECTOR = YES;
				GCC_WARN_UNINITIALIZED_AUTOS = YES_AGGRESSIVE;
				GCC_WARN_UNUSED_FUNCTION = YES;
				GCC_WARN_UNUSED_VARIABLE = YES;
				IPHONEOS_DEPLOYMENT_TARGET = 11.0;
				MTL_ENABLE_DEBUG_INFO = NO;
				SDKROOT = iphoneos;
				SWIFT_OPTIMIZATION_LEVEL = "-Owholemodule";
				VALIDATE_PRODUCT = YES;
			};
			name = Release;
		};
		09DFAB561F9A325D00E1A807 /* Debug */ = {
			isa = XCBuildConfiguration;
			buildSettings = {
				ASSETCATALOG_COMPILER_APPICON_NAME = AppIcon;
				CODE_SIGN_STYLE = Automatic;
				DEVELOPMENT_TEAM = 3SRL4UM722;
				INFOPLIST_FILE = Awquaint/Info.plist;
				LD_RUNPATH_SEARCH_PATHS = "$(inherited) @executable_path/Frameworks";
				PRODUCT_BUNDLE_IDENTIFIER = com.kara.Awquaint;
				PRODUCT_NAME = "$(TARGET_NAME)";
				SWIFT_VERSION = 4.0;
				TARGETED_DEVICE_FAMILY = "1,2";
			};
			name = Debug;
		};
		09DFAB571F9A325D00E1A807 /* Release */ = {
			isa = XCBuildConfiguration;
			buildSettings = {
				ASSETCATALOG_COMPILER_APPICON_NAME = AppIcon;
				CODE_SIGN_STYLE = Automatic;
				DEVELOPMENT_TEAM = 3SRL4UM722;
				INFOPLIST_FILE = Awquaint/Info.plist;
				LD_RUNPATH_SEARCH_PATHS = "$(inherited) @executable_path/Frameworks";
				PRODUCT_BUNDLE_IDENTIFIER = com.kara.Awquaint;
				PRODUCT_NAME = "$(TARGET_NAME)";
				SWIFT_VERSION = 4.0;
				TARGETED_DEVICE_FAMILY = "1,2";
			};
			name = Release;
		};
		09DFAB591F9A325D00E1A807 /* Debug */ = {
			isa = XCBuildConfiguration;
			buildSettings = {
				ALWAYS_EMBED_SWIFT_STANDARD_LIBRARIES = YES;
				BUNDLE_LOADER = "$(TEST_HOST)";
				CODE_SIGN_STYLE = Automatic;
				DEVELOPMENT_TEAM = 3SRL4UM722;
				INFOPLIST_FILE = AwquaintTests/Info.plist;
				LD_RUNPATH_SEARCH_PATHS = "$(inherited) @executable_path/Frameworks @loader_path/Frameworks";
				PRODUCT_BUNDLE_IDENTIFIER = com.kara.AwquaintTests;
				PRODUCT_NAME = "$(TARGET_NAME)";
				SWIFT_VERSION = 4.0;
				TARGETED_DEVICE_FAMILY = "1,2";
				TEST_HOST = "$(BUILT_PRODUCTS_DIR)/Awquaint.app/Awquaint";
			};
			name = Debug;
		};
		09DFAB5A1F9A325D00E1A807 /* Release */ = {
			isa = XCBuildConfiguration;
			buildSettings = {
				ALWAYS_EMBED_SWIFT_STANDARD_LIBRARIES = YES;
				BUNDLE_LOADER = "$(TEST_HOST)";
				CODE_SIGN_STYLE = Automatic;
				DEVELOPMENT_TEAM = 3SRL4UM722;
				INFOPLIST_FILE = AwquaintTests/Info.plist;
				LD_RUNPATH_SEARCH_PATHS = "$(inherited) @executable_path/Frameworks @loader_path/Frameworks";
				PRODUCT_BUNDLE_IDENTIFIER = com.kara.AwquaintTests;
				PRODUCT_NAME = "$(TARGET_NAME)";
				SWIFT_VERSION = 4.0;
				TARGETED_DEVICE_FAMILY = "1,2";
				TEST_HOST = "$(BUILT_PRODUCTS_DIR)/Awquaint.app/Awquaint";
			};
			name = Release;
		};
		09DFAB5C1F9A325D00E1A807 /* Debug */ = {
			isa = XCBuildConfiguration;
			buildSettings = {
				ALWAYS_EMBED_SWIFT_STANDARD_LIBRARIES = YES;
				CODE_SIGN_STYLE = Automatic;
				DEVELOPMENT_TEAM = 3SRL4UM722;
				INFOPLIST_FILE = AwquaintUITests/Info.plist;
				LD_RUNPATH_SEARCH_PATHS = "$(inherited) @executable_path/Frameworks @loader_path/Frameworks";
				PRODUCT_BUNDLE_IDENTIFIER = com.kara.AwquaintUITests;
				PRODUCT_NAME = "$(TARGET_NAME)";
				SWIFT_VERSION = 4.0;
				TARGETED_DEVICE_FAMILY = "1,2";
				TEST_TARGET_NAME = Awquaint;
			};
			name = Debug;
		};
		09DFAB5D1F9A325D00E1A807 /* Release */ = {
			isa = XCBuildConfiguration;
			buildSettings = {
				ALWAYS_EMBED_SWIFT_STANDARD_LIBRARIES = YES;
				CODE_SIGN_STYLE = Automatic;
				DEVELOPMENT_TEAM = 3SRL4UM722;
				INFOPLIST_FILE = AwquaintUITests/Info.plist;
				LD_RUNPATH_SEARCH_PATHS = "$(inherited) @executable_path/Frameworks @loader_path/Frameworks";
				PRODUCT_BUNDLE_IDENTIFIER = com.kara.AwquaintUITests;
				PRODUCT_NAME = "$(TARGET_NAME)";
				SWIFT_VERSION = 4.0;
				TARGETED_DEVICE_FAMILY = "1,2";
				TEST_TARGET_NAME = Awquaint;
			};
			name = Release;
		};
/* End XCBuildConfiguration section */

/* Begin XCConfigurationList section */
		09DFAB281F9A325C00E1A807 /* Build configuration list for PBXProject "Awquaint" */ = {
			isa = XCConfigurationList;
			buildConfigurations = (
				09DFAB531F9A325D00E1A807 /* Debug */,
				09DFAB541F9A325D00E1A807 /* Release */,
			);
			defaultConfigurationIsVisible = 0;
			defaultConfigurationName = Release;
		};
		09DFAB551F9A325D00E1A807 /* Build configuration list for PBXNativeTarget "Awquaint" */ = {
			isa = XCConfigurationList;
			buildConfigurations = (
				09DFAB561F9A325D00E1A807 /* Debug */,
				09DFAB571F9A325D00E1A807 /* Release */,
			);
			defaultConfigurationIsVisible = 0;
			defaultConfigurationName = Release;
		};
		09DFAB581F9A325D00E1A807 /* Build configuration list for PBXNativeTarget "AwquaintTests" */ = {
			isa = XCConfigurationList;
			buildConfigurations = (
				09DFAB591F9A325D00E1A807 /* Debug */,
				09DFAB5A1F9A325D00E1A807 /* Release */,
			);
			defaultConfigurationIsVisible = 0;
			defaultConfigurationName = Release;
		};
		09DFAB5B1F9A325D00E1A807 /* Build configuration list for PBXNativeTarget "AwquaintUITests" */ = {
			isa = XCConfigurationList;
			buildConfigurations = (
				09DFAB5C1F9A325D00E1A807 /* Debug */,
				09DFAB5D1F9A325D00E1A807 /* Release */,
			);
			defaultConfigurationIsVisible = 0;
			defaultConfigurationName = Release;
		};
/* End XCConfigurationList section */
	};
	rootObject = 09DFAB251F9A325C00E1A807 /* Project object */;
}
